
Microsoft Visual Studio Solution File, Format Version 12.00
# Visual Studio Version 17
VisualStudioVersion = 17.6.33815.320
MinimumVisualStudioVersion = 10.0.40219.1
Project("{FAE04EC0-301F-11D3-BF4B-00C04F79EFBC}") = "stock_tracking", "stock_tracking\stock_tracking.csproj", "{A070EAB2-94CD-4F36-B9FD-B74EB8A4A471}"
EndProject
Global
	GlobalSection(SolutionConfigurationPlatforms) = preSolution
		Debug|Any CPU = Debug|Any CPU
		Release|Any CPU = Release|Any CPU
	EndGlobalSection
	GlobalSection(ProjectConfigurationPlatforms) = postSolution
		{A070EAB2-94CD-4F36-B9FD-B74EB8A4A471}.Debug|Any CPU.ActiveCfg = Debug|Any CPU
		{A070EAB2-94CD-4F36-B9FD-B74EB8A4A471}.Debug|Any CPU.Build.0 = Debug|Any CPU
		{A070EAB2-94CD-4F36-B9FD-B74EB8A4A471}.Release|Any CPU.ActiveCfg = Release|Any CPU
		{A070EAB2-94CD-4F36-B9FD-B74EB8A4A471}.Release|Any CPU.Build.0 = Release|Any CPU
	EndGlobalSection
	GlobalSection(SolutionProperties) = preSolution
		HideSolutionNode = FALSE
	EndGlobalSection
	GlobalSection(ExtensibilityGlobals) = postSolution
		SolutionGuid = {4C59317E-2996-4BA2-83C6-F29044F09C89}
	EndGlobalSection
EndGlobal
